
Microsoft Visual Studio Solution File, Format Version 12.00
# Visual Studio Version 16
VisualStudioVersion = 16.0.30406.217
MinimumVisualStudioVersion = 10.0.40219.1
Project("{FAE04EC0-301F-11D3-BF4B-00C04F79EFBC}") = "Lab4", "Lab4\Lab4.csproj", "{A7556260-08D1-4927-ACC2-4C36D45CEDA9}"
EndProject
Global
	GlobalSection(SolutionConfigurationPlatforms) = preSolution
		Debug|Any CPU = Debug|Any CPU
		Release|Any CPU = Release|Any CPU
	EndGlobalSection
	GlobalSection(ProjectConfigurationPlatforms) = postSolution
		{A7556260-08D1-4927-ACC2-4C36D45CEDA9}.Debug|Any CPU.ActiveCfg = Debug|Any CPU
		{A7556260-08D1-4927-ACC2-4C36D45CEDA9}.Debug|Any CPU.Build.0 = Debug|Any CPU
		{A7556260-08D1-4927-ACC2-4C36D45CEDA9}.Release|Any CPU.ActiveCfg = Release|Any CPU
		{A7556260-08D1-4927-ACC2-4C36D45CEDA9}.Release|Any CPU.Build.0 = Release|Any CPU
	EndGlobalSection
	GlobalSection(SolutionProperties) = preSolution
		HideSolutionNode = FALSE
	EndGlobalSection
	GlobalSection(ExtensibilityGlobals) = postSolution
		SolutionGuid = {826C6765-0281-47A1-8F1F-1814E2507873}
	EndGlobalSection
EndGlobal
